
Microsoft Visual Studio Solution File, Format Version 12.00
# Visual Studio Version 16
VisualStudioVersion = 16.0.31129.286
MinimumVisualStudioVersion = 10.0.40219.1
Project("{9A19103F-16F7-4668-BE54-9A1E7A4F7556}") = "OrganizeYourCourses", "OrganizeYourCourses.csproj", "{1C7BDC66-6279-40F0-924B-946F64F779D3}"
EndProject
Global
	GlobalSection(SolutionConfigurationPlatforms) = preSolution
		Debug|Any CPU = Debug|Any CPU
		Release|Any CPU = Release|Any CPU
	EndGlobalSection
	GlobalSection(ProjectConfigurationPlatforms) = postSolution
		{1C7BDC66-6279-40F0-924B-946F64F779D3}.Debug|Any CPU.ActiveCfg = Debug|Any CPU
		{1C7BDC66-6279-40F0-924B-946F64F779D3}.Debug|Any CPU.Build.0 = Debug|Any CPU
		{1C7BDC66-6279-40F0-924B-946F64F779D3}.Release|Any CPU.ActiveCfg = Release|Any CPU
		{1C7BDC66-6279-40F0-924B-946F64F779D3}.Release|Any CPU.Build.0 = Release|Any CPU
	EndGlobalSection
	GlobalSection(SolutionProperties) = preSolution
		HideSolutionNode = FALSE
	EndGlobalSection
	GlobalSection(ExtensibilityGlobals) = postSolution
		SolutionGuid = {703F5729-01E3-451C-A3D4-31D72973DACA}
	EndGlobalSection
EndGlobal
